
Microsoft Visual Studio Solution File, Format Version 12.00
# Visual Studio 15
VisualStudioVersion = 15.0.26124.0
MinimumVisualStudioVersion = 15.0.26124.0
Project("{FAE04EC0-301F-11D3-BF4B-00C04F79EFBC}") = "csharp", "csharp\csharp.csproj", "{8BB06FFB-F52A-49B6-B6DC-B06A761DE781}"
EndProject
Project("{FAE04EC0-301F-11D3-BF4B-00C04F79EFBC}") = "csharp.tests", "csharp.tests\csharp.tests.csproj", "{D678D57F-F8DA-424D-BAE6-25ECDFD0166D}"
EndProject
Global
	GlobalSection(SolutionConfigurationPlatforms) = preSolution
		Debug|Any CPU = Debug|Any CPU
		Debug|x64 = Debug|x64
		Debug|x86 = Debug|x86
		Release|Any CPU = Release|Any CPU
		Release|x64 = Release|x64
		Release|x86 = Release|x86
	EndGlobalSection
	GlobalSection(SolutionProperties) = preSolution
		HideSolutionNode = FALSE
	EndGlobalSection
	GlobalSection(ProjectConfigurationPlatforms) = postSolution
		{8BB06FFB-F52A-49B6-B6DC-B06A761DE781}.Debug|Any CPU.ActiveCfg = Debug|Any CPU
		{8BB06FFB-F52A-49B6-B6DC-B06A761DE781}.Debug|Any CPU.Build.0 = Debug|Any CPU
		{8BB06FFB-F52A-49B6-B6DC-B06A761DE781}.Debug|x64.ActiveCfg = Debug|Any CPU
		{8BB06FFB-F52A-49B6-B6DC-B06A761DE781}.Debug|x64.Build.0 = Debug|Any CPU
		{8BB06FFB-F52A-49B6-B6DC-B06A761DE781}.Debug|x86.ActiveCfg = Debug|Any CPU
		{8BB06FFB-F52A-49B6-B6DC-B06A761DE781}.Debug|x86.Build.0 = Debug|Any CPU
		{8BB06FFB-F52A-49B6-B6DC-B06A761DE781}.Release|Any CPU.ActiveCfg = Release|Any CPU
		{8BB06FFB-F52A-49B6-B6DC-B06A761DE781}.Release|Any CPU.Build.0 = Release|Any CPU
		{8BB06FFB-F52A-49B6-B6DC-B06A761DE781}.Release|x64.ActiveCfg = Release|Any CPU
		{8BB06FFB-F52A-49B6-B6DC-B06A761DE781}.Release|x64.Build.0 = Release|Any CPU
		{8BB06FFB-F52A-49B6-B6DC-B06A761DE781}.Release|x86.ActiveCfg = Release|Any CPU
		{8BB06FFB-F52A-49B6-B6DC-B06A761DE781}.Release|x86.Build.0 = Release|Any CPU
		{D678D57F-F8DA-424D-BAE6-25ECDFD0166D}.Debug|Any CPU.ActiveCfg = Debug|Any CPU
		{D678D57F-F8DA-424D-BAE6-25ECDFD0166D}.Debug|Any CPU.Build.0 = Debug|Any CPU
		{D678D57F-F8DA-424D-BAE6-25ECDFD0166D}.Debug|x64.ActiveCfg = Debug|Any CPU
		{D678D57F-F8DA-424D-BAE6-25ECDFD0166D}.Debug|x64.Build.0 = Debug|Any CPU
		{D678D57F-F8DA-424D-BAE6-25ECDFD0166D}.Debug|x86.ActiveCfg = Debug|Any CPU
		{D678D57F-F8DA-424D-BAE6-25ECDFD0166D}.Debug|x86.Build.0 = Debug|Any CPU
		{D678D57F-F8DA-424D-BAE6-25ECDFD0166D}.Release|Any CPU.ActiveCfg = Release|Any CPU
		{D678D57F-F8DA-424D-BAE6-25ECDFD0166D}.Release|Any CPU.Build.0 = Release|Any CPU
		{D678D57F-F8DA-424D-BAE6-25ECDFD0166D}.Release|x64.ActiveCfg = Release|Any CPU
		{D678D57F-F8DA-424D-BAE6-25ECDFD0166D}.Release|x64.Build.0 = Release|Any CPU
		{D678D57F-F8DA-424D-BAE6-25ECDFD0166D}.Release|x86.ActiveCfg = Release|Any CPU
		{D678D57F-F8DA-424D-BAE6-25ECDFD0166D}.Release|x86.Build.0 = Release|Any CPU
	EndGlobalSection
EndGlobal
